// !$*UTF8*$!
{
	archiveVersion = 1;
	classes = {
	};
	objectVersion = 77;
	objects = {

/* Begin PBXBuildFile section */
		EC114A4A2ED05F070027201F /* SwiftyJSON in Frameworks */ = {isa = PBXBuildFile; productRef = EC114A492ED05F070027201F /* SwiftyJSON */; };
		EC17F3932F52B09D0010B075 /* SwiftScaffolding in Frameworks */ = {isa = PBXBuildFile; productRef = EC17F3922F52B09D0010B075 /* SwiftScaffolding */; };
		EC971F4B2F2CB23E006CFFF0 /* SwiftScaffolding in Frameworks */ = {isa = PBXBuildFile; productRef = EC971F4A2F2CB23E006CFFF0 /* SwiftScaffolding */; };
		EC996B442EBEE80F0094E524 /* Core.framework in Frameworks */ = {isa = PBXBuildFile; fileRef = EC996B3C2EBEE80F0094E524 /* Core.framework */; };
		EC996B462EBEE80F0094E524 /* Core.framework in Embed Frameworks */ = {isa = PBXBuildFile; fileRef = EC996B3C2EBEE80F0094E524 /* Core.framework */; settings = {ATTRIBUTES = (CodeSignOnCopy, RemoveHeadersOnCopy, ); }; };
		ECA694222F52FB6E00F3DEDC /* SwiftScaffolding in Frameworks */ = {isa = PBXBuildFile; productRef = ECA694212F52FB6E00F3DEDC /* SwiftScaffolding */; };
		ECE995B32ED6BE2E00E86582 /* ZIPFoundation in Frameworks */ = {isa = PBXBuildFile; productRef = ECE995B22ED6BE2E00E86582 /* ZIPFoundation */; };
		ECF707982ED8291F001F0C71 /* SwiftyJSON in Frameworks */ = {isa = PBXBuildFile; productRef = EC114A472ED05F020027201F /* SwiftyJSON */; };
		ECF707992ED8291F001F0C71 /* SwiftyJSON in Frameworks */ = {isa = PBXBuildFile; productRef = EC114A4B2ED05F0B0027201F /* SwiftyJSON */; };
/* End PBXBuildFile section */

/* Begin PBXContainerItemProxy section */
		EC71A3312EC034AA006E496F /* PBXContainerItemProxy */ = {
			isa = PBXContainerItemProxy;
			containerPortal = ECC26BBB2EBEDD67002B7E3E /* Project object */;
			proxyType = 1;
			remoteGlobalIDString = ECC26BC22EBEDD67002B7E3E;
			remoteInfo = PCL.Mac;
		};
		EC996B422EBEE80F0094E524 /* PBXContainerItemProxy */ = {
			isa = PBXContainerItemProxy;
			containerPortal = ECC26BBB2EBEDD67002B7E3E /* Project object */;
			proxyType = 1;
			remoteGlobalIDString = EC996B3B2EBEE80F0094E524;
			remoteInfo = PCL.Mac.Core;
		};
/* End PBXContainerItemProxy section */

/* Begin PBXCopyFilesBuildPhase section */
		EC996B452EBEE80F0094E524 /* Embed Frameworks */ = {
			isa = PBXCopyFilesBuildPhase;
			buildActionMask = 2147483647;
			dstPath = "";
			dstSubfolderSpec = 10;
			files = (
				EC996B462EBEE80F0094E524 /* Core.framework in Embed Frameworks */,
			);
			name = "Embed Frameworks";
			runOnlyForDeploymentPostprocessing = 0;
		};
/* End PBXCopyFilesBuildPhase section */

/* Begin PBXFileReference section */
		EC71A32D2EC034AA006E496F /* PCL.Mac.Tests.xctest */ = {isa = PBXFileReference; explicitFileType = wrapper.cfbundle; includeInIndex = 0; path = PCL.Mac.Tests.xctest; sourceTree = BUILT_PRODUCTS_DIR; };
		EC996B3C2EBEE80F0094E524 /* Core.framework */ = {isa = PBXFileReference; explicitFileType = wrapper.framework; includeInIndex = 0; path = Core.framework; sourceTree = BUILT_PRODUCTS_DIR; };
		ECA78B8D2F67524900F5B097 /* PCL.Mac.xctestplan */ = {isa = PBXFileReference; lastKnownFileType = text; name = PCL.Mac.xctestplan; path = Configs/PCL.Mac.xctestplan; sourceTree = "<group>"; };
		ECC26BC32EBEDD67002B7E3E /* PCL.Mac.app */ = {isa = PBXFileReference; explicitFileType = wrapper.application; includeInIndex = 0; path = PCL.Mac.app; sourceTree = BUILT_PRODUCTS_DIR; };
/* End PBXFileReference section */

/* Begin PBXFileSystemSynchronizedBuildFileExceptionSet section */
		EC3D0C9C2FC3F3FB0025586E /* Exceptions for "Packaging" folder in "PCL.Mac" target */ = {
			isa = PBXFileSystemSynchronizedBuildFileExceptionSet;
			membershipExceptions = (
				background.png,
				DS_Store,
			);
			target = ECC26BC22EBEDD67002B7E3E /* PCL.Mac */;
		};
		EC996CF72EBEEF100094E524 /* Exceptions for "PCL.Mac" folder in "PCL.Mac" target */ = {
			isa = PBXFileSystemSynchronizedBuildFileExceptionSet;
			membershipExceptions = (
				Info.plist,
			);
			target = ECC26BC22EBEDD67002B7E3E /* PCL.Mac */;
		};
		ECBEDAF32FA87D820064FCC2 /* Exceptions for "Configs" folder in "PCL.Mac" target */ = {
			isa = PBXFileSystemSynchronizedBuildFileExceptionSet;
			membershipExceptions = (
				Base.xcconfig,
				Debug.xcconfig,
				PCL.Mac.xctestplan,
				Release.xcconfig,
			);
			target = ECC26BC22EBEDD67002B7E3E /* PCL.Mac */;
		};
/* End PBXFileSystemSynchronizedBuildFileExceptionSet section */

/* Begin PBXFileSystemSynchronizedRootGroup section */
		EC3D0C9B2FC3F3F20025586E /* Packaging */ = {
			isa = PBXFileSystemSynchronizedRootGroup;
			exceptions = (
				EC3D0C9C2FC3F3FB0025586E /* Exceptions for "Packaging" folder in "PCL.Mac" target */,
			);
			path = Packaging;
			sourceTree = "<group>";
		};
		EC71A32E2EC034AA006E496F /* PCL.Mac.Tests */ = {
			isa = PBXFileSystemSynchronizedRootGroup;
			path = PCL.Mac.Tests;
			sourceTree = "<group>";
		};
		EC9969932EBEE6A20094E524 /* Resources */ = {
			isa = PBXFileSystemSynchronizedRootGroup;
			path = Resources;
			sourceTree = "<group>";
		};
		EC996B3D2EBEE80F0094E524 /* PCL.Mac.Core */ = {
			isa = PBXFileSystemSynchronizedRootGroup;
			path = PCL.Mac.Core;
			sourceTree = "<group>";
		};
		ECC26BC52EBEDD67002B7E3E /* PCL.Mac */ = {
			isa = PBXFileSystemSynchronizedRootGroup;
			exceptions = (
				EC996CF72EBEEF100094E524 /* Exceptions for "PCL.Mac" folder in "PCL.Mac" target */,
			);
			path = PCL.Mac;
			sourceTree = "<group>";
		};
		ECE3EC022F1B8DB200754684 /* Configs */ = {
			isa = PBXFileSystemSynchronizedRootGroup;
			exceptions = (
				ECBEDAF32FA87D820064FCC2 /* Exceptions for "Configs" folder in "PCL.Mac" target */,
			);
			path = Configs;
			sourceTree = "<group>";
		};
/* End PBXFileSystemSynchronizedRootGroup section */

/* Begin PBXFrameworksBuildPhase section */
		EC71A32A2EC034AA006E496F /* Frameworks */ = {
			isa = PBXFrameworksBuildPhase;
			buildActionMask = 2147483647;
			files = (
				ECF707992ED8291F001F0C71 /* SwiftyJSON in Frameworks */,
			);
			runOnlyForDeploymentPostprocessing = 0;
		};
		EC996B392EBEE80F0094E524 /* Frameworks */ = {
			isa = PBXFrameworksBuildPhase;
			buildActionMask = 2147483647;
			files = (
				EC114A4A2ED05F070027201F /* SwiftyJSON in Frameworks */,
				ECE995B32ED6BE2E00E86582 /* ZIPFoundation in Frameworks */,
			);
			runOnlyForDeploymentPostprocessing = 0;
		};
		ECC26BC02EBEDD67002B7E3E /* Frameworks */ = {
			isa = PBXFrameworksBuildPhase;
			buildActionMask = 2147483647;
			files = (
				ECA694222F52FB6E00F3DEDC /* SwiftScaffolding in Frameworks */,
				ECF707982ED8291F001F0C71 /* SwiftyJSON in Frameworks */,
				EC17F3932F52B09D0010B075 /* SwiftScaffolding in Frameworks */,
				EC971F4B2F2CB23E006CFFF0 /* SwiftScaffolding in Frameworks */,
				EC996B442EBEE80F0094E524 /* Core.framework in Frameworks */,
			);
			runOnlyForDeploymentPostprocessing = 0;
		};
/* End PBXFrameworksBuildPhase section */

/* Begin PBXGroup section */
		EC114A462ED05F020027201F /* Frameworks */ = {
			isa = PBXGroup;
			children = (
			);
			name = Frameworks;
			sourceTree = "<group>";
		};
		ECC26BBA2EBEDD67002B7E3E = {
			isa = PBXGroup;
			children = (
				EC3D0C9B2FC3F3F20025586E /* Packaging */,
				ECA78B8D2F67524900F5B097 /* PCL.Mac.xctestplan */,
				ECE3EC022F1B8DB200754684 /* Configs */,
				EC9969932EBEE6A20094E524 /* Resources */,
				ECC26BC52EBEDD67002B7E3E /* PCL.Mac */,
				EC996B3D2EBEE80F0094E524 /* PCL.Mac.Core */,
				EC71A32E2EC034AA006E496F /* PCL.Mac.Tests */,
				EC114A462ED05F020027201F /* Frameworks */,
				ECC26BC42EBEDD67002B7E3E /* Products */,
			);
			sourceTree = "<group>";
		};
		ECC26BC42EBEDD67002B7E3E /* Products */ = {
			isa = PBXGroup;
			children = (
				ECC26BC32EBEDD67002B7E3E /* PCL.Mac.app */,
				EC996B3C2EBEE80F0094E524 /* Core.framework */,
				EC71A32D2EC034AA006E496F /* PCL.Mac.Tests.xctest */,
			);
			name = Products;
			sourceTree = "<group>";
		};
/* End PBXGroup section */

/* Begin PBXHeadersBuildPhase section */
		EC996B372EBEE80F0094E524 /* Headers */ = {
			isa = PBXHeadersBuildPhase;
			buildActionMask = 2147483647;
			files = (
			);
			runOnlyForDeploymentPostprocessing = 0;
		};
/* End PBXHeadersBuildPhase section */

/* Begin PBXNativeTarget section */
		EC71A32C2EC034AA006E496F /* PCL.Mac.Tests */ = {
			isa = PBXNativeTarget;
			buildConfigurationList = EC71A3332EC034AA006E496F /* Build configuration list for PBXNativeTarget "PCL.Mac.Tests" */;
			buildPhases = (
				EC71A3292EC034AA006E496F /* Sources */,
				EC71A32A2EC034AA006E496F /* Frameworks */,
				EC71A32B2EC034AA006E496F /* Resources */,
			);
			buildRules = (
			);
			dependencies = (
				EC71A3322EC034AA006E496F /* PBXTargetDependency */,
			);
			fileSystemSynchronizedGroups = (
				EC71A32E2EC034AA006E496F /* PCL.Mac.Tests */,
			);
			name = PCL.Mac.Tests;
			packageProductDependencies = (
				EC114A4B2ED05F0B0027201F /* SwiftyJSON */,
			);
			productName = PCL.Mac.Tests;
			productReference = EC71A32D2EC034AA006E496F /* PCL.Mac.Tests.xctest */;
			productType = "com.apple.product-type.bundle.unit-test";
		};
		EC996B3B2EBEE80F0094E524 /* PCL.Mac.Core */ = {
			isa = PBXNativeTarget;
			buildConfigurationList = EC996B472EBEE80F0094E524 /* Build configuration list for PBXNativeTarget "PCL.Mac.Core" */;
			buildPhases = (
				EC996B372EBEE80F0094E524 /* Headers */,
				EC996B382EBEE80F0094E524 /* Sources */,
				EC996B392EBEE80F0094E524 /* Frameworks */,
				EC996B3A2EBEE80F0094E524 /* Resources */,
			);
			buildRules = (
			);
			dependencies = (
			);
			fileSystemSynchronizedGroups = (
				EC996B3D2EBEE80F0094E524 /* PCL.Mac.Core */,
			);
			name = PCL.Mac.Core;
			packageProductDependencies = (
				EC114A492ED05F070027201F /* SwiftyJSON */,
				ECE995B22ED6BE2E00E86582 /* ZIPFoundation */,
			);
			productName = PCL.Mac.Core;
			productReference = EC996B3C2EBEE80F0094E524 /* Core.framework */;
			productType = "com.apple.product-type.framework";
		};
		ECC26BC22EBEDD67002B7E3E /* PCL.Mac */ = {
			isa = PBXNativeTarget;
			buildConfigurationList = ECC26BCF2EBEDD67002B7E3E /* Build configuration list for PBXNativeTarget "PCL.Mac" */;
			buildPhases = (
				ECC26BBF2EBEDD67002B7E3E /* Sources */,
				ECC26BC02EBEDD67002B7E3E /* Frameworks */,
				ECC26BC12EBEDD67002B7E3E /* Resources */,
				EC996B452EBEE80F0094E524 /* Embed Frameworks */,
			);
			buildRules = (
			);
			dependencies = (
				EC996B432EBEE80F0094E524 /* PBXTargetDependency */,
			);
			fileSystemSynchronizedGroups = (
				EC3D0C9B2FC3F3F20025586E /* Packaging */,
				EC9969932EBEE6A20094E524 /* Resources */,
				ECC26BC52EBEDD67002B7E3E /* PCL.Mac */,
				ECE3EC022F1B8DB200754684 /* Configs */,
			);
			name = PCL.Mac;
			packageProductDependencies = (
				EC114A472ED05F020027201F /* SwiftyJSON */,
				EC971F4A2F2CB23E006CFFF0 /* SwiftScaffolding */,
				EC17F3922F52B09D0010B075 /* SwiftScaffolding */,
				ECA694212F52FB6E00F3DEDC /* SwiftScaffolding */,
			);
			productName = PCL.Mac;
			productReference = ECC26BC32EBEDD67002B7E3E /* PCL.Mac.app */;
			productType = "com.apple.product-type.application";
		};
/* End PBXNativeTarget section */

/* Begin PBXProject section */
		ECC26BBB2EBEDD67002B7E3E /* Project object */ = {
			isa = PBXProject;
			attributes = {
				BuildIndependentTargetsInParallel = 1;
				LastSwiftUpdateCheck = 1640;
				LastUpgradeCheck = 2650;
				TargetAttributes = {
					EC71A32C2EC034AA006E496F = {
						CreatedOnToolsVersion = 16.4;
						LastSwiftMigration = 1640;
						TestTargetID = ECC26BC22EBEDD67002B7E3E;
					};
					EC996B3B2EBEE80F0094E524 = {
						CreatedOnToolsVersion = 16.4;
						LastSwiftMigration = 1640;
					};
					ECC26BC22EBEDD67002B7E3E = {
						CreatedOnToolsVersion = 16.4;
					};
				};
			};
			buildConfigurationList = ECC26BBE2EBEDD67002B7E3E /* Build configuration list for PBXProject "PCL.Mac" */;
			developmentRegion = "zh-Hans";
			hasScannedForEncodings = 0;
			knownRegions = (
				Base,
				"zh-Hans",
			);
			mainGroup = ECC26BBA2EBEDD67002B7E3E;
			minimizedProjectReferenceProxies = 1;
			packageReferences = (
				EC114A452ED05EF50027201F /* XCRemoteSwiftPackageReference "SwiftyJSON" */,
				ECE995B12ED6BE2E00E86582 /* XCRemoteSwiftPackageReference "ZIPFoundation" */,
				ECA694202F52FB6E00F3DEDC /* XCRemoteSwiftPackageReference "SwiftScaffolding" */,
			);
			preferredProjectObjectVersion = 77;
			productRefGroup = ECC26BC42EBEDD67002B7E3E /* Products */;
			projectDirPath = "";
			projectRoot = "";
			targets = (
				ECC26BC22EBEDD67002B7E3E /* PCL.Mac */,
				EC996B3B2EBEE80F0094E524 /* PCL.Mac.Core */,
				EC71A32C2EC034AA006E496F /* PCL.Mac.Tests */,
			);
		};
/* End PBXProject section */

/* Begin PBXResourcesBuildPhase section */
		EC71A32B2EC034AA006E496F /* Resources */ = {
			isa = PBXResourcesBuildPhase;
			buildActionMask = 2147483647;
			files = (
			);
			runOnlyForDeploymentPostprocessing = 0;
		};
		EC996B3A2EBEE80F0094E524 /* Resources */ = {
			isa = PBXResourcesBuildPhase;
			buildActionMask = 2147483647;
			files = (
			);
			runOnlyForDeploymentPostprocessing = 0;
		};
		ECC26BC12EBEDD67002B7E3E /* Resources */ = {
			isa = PBXResourcesBuildPhase;
			buildActionMask = 2147483647;
			files = (
			);
			runOnlyForDeploymentPostprocessing = 0;
		};
/* End PBXResourcesBuildPhase section */

/* Begin PBXSourcesBuildPhase section */
		EC71A3292EC034AA006E496F /* Sources */ = {
			isa = PBXSourcesBuildPhase;
			buildActionMask = 2147483647;
			files = (
			);
			runOnlyForDeploymentPostprocessing = 0;
		};
		EC996B382EBEE80F0094E524 /* Sources */ = {
			isa = PBXSourcesBuildPhase;
			buildActionMask = 2147483647;
			files = (
			);
			runOnlyForDeploymentPostprocessing = 0;
		};
		ECC26BBF2EBEDD67002B7E3E /* Sources */ = {
			isa = PBXSourcesBuildPhase;
			buildActionMask = 2147483647;
			files = (
			);
			runOnlyForDeploymentPostprocessing = 0;
		};
/* End PBXSourcesBuildPhase section */

/* Begin PBXTargetDependency section */
		EC71A3322EC034AA006E496F /* PBXTargetDependency */ = {
			isa = PBXTargetDependency;
			target = ECC26BC22EBEDD67002B7E3E /* PCL.Mac */;
			targetProxy = EC71A3312EC034AA006E496F /* PBXContainerItemProxy */;
		};
		EC996B432EBEE80F0094E524 /* PBXTargetDependency */ = {
			isa = PBXTargetDependency;
			target = EC996B3B2EBEE80F0094E524 /* PCL.Mac.Core */;
			targetProxy = EC996B422EBEE80F0094E524 /* PBXContainerItemProxy */;
		};
/* End PBXTargetDependency section */

/* Begin XCBuildConfiguration section */
		EC71A3342EC034AA006E496F /* Debug */ = {
			isa = XCBuildConfiguration;
			buildSettings = {
				BUNDLE_LOADER = "$(TEST_HOST)";
				CLANG_ENABLE_MODULES = YES;
				CODE_SIGN_STYLE = Automatic;
				CURRENT_PROJECT_VERSION = 1;
				DEAD_CODE_STRIPPING = YES;
				GENERATE_INFOPLIST_FILE = YES;
				MACOSX_DEPLOYMENT_TARGET = 14.0;
				MARKETING_VERSION = 1.0;
				PRODUCT_BUNDLE_IDENTIFIER = "org.ceciliastudio.PCL-Mac-Tests";
				PRODUCT_NAME = "$(TARGET_NAME)";
				SWIFT_ACTIVE_COMPILATION_CONDITIONS = "DEBUG $(inherited)";
				SWIFT_EMIT_LOC_STRINGS = NO;
				SWIFT_OPTIMIZATION_LEVEL = "-Onone";
				SWIFT_VERSION = 5.0;
				TEST_HOST = "$(BUILT_PRODUCTS_DIR)/PCL.Mac.app/$(BUNDLE_EXECUTABLE_FOLDER_PATH)/PCL.Mac";
			};
			name = Debug;
		};
		EC71A3352EC034AA006E496F /* Release */ = {
			isa = XCBuildConfiguration;
			buildSettings = {
				BUNDLE_LOADER = "$(TEST_HOST)";
				CLANG_ENABLE_MODULES = YES;
				CODE_SIGN_STYLE = Automatic;
				CURRENT_PROJECT_VERSION = 1;
				DEAD_CODE_STRIPPING = YES;
				GENERATE_INFOPLIST_FILE = YES;
				MACOSX_DEPLOYMENT_TARGET = 14.0;
				MARKETING_VERSION = 1.0;
				PRODUCT_BUNDLE_IDENTIFIER = "org.ceciliastudio.PCL-Mac-Tests";
				PRODUCT_NAME = "$(TARGET_NAME)";
				SWIFT_EMIT_LOC_STRINGS = NO;
				SWIFT_VERSION = 5.0;
				TEST_HOST = "$(BUILT_PRODUCTS_DIR)/PCL.Mac.app/$(BUNDLE_EXECUTABLE_FOLDER_PATH)/PCL.Mac";
			};
			name = Release;
		};
		EC996B482EBEE80F0094E524 /* Debug */ = {
			isa = XCBuildConfiguration;
			buildSettings = {
				BUILD_LIBRARY_FOR_DISTRIBUTION = NO;
				CLANG_ENABLE_MODULES = YES;
				CODE_SIGN_STYLE = Automatic;
				COMBINE_HIDPI_IMAGES = YES;
				CURRENT_PROJECT_VERSION = 1;
				DEAD_CODE_STRIPPING = YES;
				DEFINES_MODULE = NO;
				DYLIB_COMPATIBILITY_VERSION = 1;
				DYLIB_CURRENT_VERSION = 1;
				DYLIB_INSTALL_NAME_BASE = "@rpath";
				ENABLE_MODULE_VERIFIER = YES;
				GENERATE_INFOPLIST_FILE = YES;
				INFOPLIST_KEY_NSHumanReadableCopyright = "";
				INSTALL_PATH = "$(LOCAL_LIBRARY_DIR)/Frameworks";
				LD_RUNPATH_SEARCH_PATHS = (
					"$(inherited)",
					"@executable_path/../Frameworks",
					"@loader_path/Frameworks",
				);
				MACOSX_DEPLOYMENT_TARGET = 12.0;
				MARKETING_VERSION = 1.0;
				MODULE_VERIFIER_SUPPORTED_LANGUAGES = "objective-c objective-c++";
				MODULE_VERIFIER_SUPPORTED_LANGUAGE_STANDARDS = "gnu17 gnu++20";
				PRODUCT_BUNDLE_IDENTIFIER = "org.ceciliastudio.PCL-Mac-Core";
				PRODUCT_NAME = Core;
				SKIP_INSTALL = YES;
				SWIFT_EMIT_LOC_STRINGS = YES;
				SWIFT_INSTALL_MODULE = YES;
				SWIFT_INSTALL_OBJC_HEADER = NO;
				SWIFT_OPTIMIZATION_LEVEL = "-Onone";
				SWIFT_VERSION = 5.0;
				VERSIONING_SYSTEM = "apple-generic";
				VERSION_INFO_PREFIX = "";
			};
			name = Debug;
		};
		EC996B492EBEE80F0094E524 /* Release */ = {
			isa = XCBuildConfiguration;
			buildSettings = {
				BUILD_LIBRARY_FOR_DISTRIBUTION = NO;
				CLANG_ENABLE_MODULES = YES;
				CODE_SIGN_STYLE = Automatic;
				COMBINE_HIDPI_IMAGES = YES;
				CURRENT_PROJECT_VERSION = 1;
				DEAD_CODE_STRIPPING = YES;
				DEFINES_MODULE = NO;
				DYLIB_COMPATIBILITY_VERSION = 1;
				DYLIB_CURRENT_VERSION = 1;
				DYLIB_INSTALL_NAME_BASE = "@rpath";
				ENABLE_MODULE_VERIFIER = YES;
				GENERATE_INFOPLIST_FILE = YES;
				INFOPLIST_KEY_NSHumanReadableCopyright = "";
				INSTALL_PATH = "$(LOCAL_LIBRARY_DIR)/Frameworks";
				LD_RUNPATH_SEARCH_PATHS = (
					"$(inherited)",
					"@executable_path/../Frameworks",
					"@loader_path/Frameworks",
				);
				MACOSX_DEPLOYMENT_TARGET = 12.0;
				MARKETING_VERSION = 1.0;
				MODULE_VERIFIER_SUPPORTED_LANGUAGES = "objective-c objective-c++";
				MODULE_VERIFIER_SUPPORTED_LANGUAGE_STANDARDS = "gnu17 gnu++20";
				PRODUCT_BUNDLE_IDENTIFIER = "org.ceciliastudio.PCL-Mac-Core";
				PRODUCT_NAME = Core;
				SKIP_INSTALL = YES;
				SWIFT_EMIT_LOC_STRINGS = YES;
				SWIFT_INSTALL_MODULE = YES;
				SWIFT_INSTALL_OBJC_HEADER = NO;
				SWIFT_VERSION = 5.0;
				VERSIONING_SYSTEM = "apple-generic";
				VERSION_INFO_PREFIX = "";
			};
			name = Release;
		};
		ECC26BCD2EBEDD67002B7E3E /* Debug */ = {
			isa = XCBuildConfiguration;
			buildSettings = {
				ALWAYS_SEARCH_USER_PATHS = NO;
				ASSETCATALOG_COMPILER_GENERATE_SWIFT_ASSET_SYMBOL_EXTENSIONS = YES;
				CLANG_ANALYZER_NONNULL = YES;
				CLANG_ANALYZER_NUMBER_OBJECT_CONVERSION = YES_AGGRESSIVE;
				CLANG_CXX_LANGUAGE_STANDARD = "gnu++20";
				CLANG_ENABLE_MODULES = YES;
				CLANG_ENABLE_OBJC_ARC = YES;
				CLANG_ENABLE_OBJC_WEAK = YES;
				CLANG_WARN_BLOCK_CAPTURE_AUTORELEASING = YES;
				CLANG_WARN_BOOL_CONVERSION = YES;
				CLANG_WARN_COMMA = YES;
				CLANG_WARN_CONSTANT_CONVERSION = YES;
				CLANG_WARN_DEPRECATED_OBJC_IMPLEMENTATIONS = YES;
				CLANG_WARN_DIRECT_OBJC_ISA_USAGE = YES_ERROR;
				CLANG_WARN_DOCUMENTATION_COMMENTS = YES;
				CLANG_WARN_EMPTY_BODY = YES;
				CLANG_WARN_ENUM_CONVERSION = YES;
				CLANG_WARN_INFINITE_RECURSION = YES;
				CLANG_WARN_INT_CONVERSION = YES;
				CLANG_WARN_NON_LITERAL_NULL_CONVERSION = YES;
				CLANG_WARN_OBJC_IMPLICIT_RETAIN_SELF = YES;
				CLANG_WARN_OBJC_LITERAL_CONVERSION = YES;
				CLANG_WARN_OBJC_ROOT_CLASS = YES_ERROR;
				CLANG_WARN_QUOTED_INCLUDE_IN_FRAMEWORK_HEADER = YES;
				CLANG_WARN_RANGE_LOOP_ANALYSIS = YES;
				CLANG_WARN_STRICT_PROTOTYPES = YES;
				CLANG_WARN_SUSPICIOUS_MOVE = YES;
				CLANG_WARN_UNGUARDED_AVAILABILITY = YES_AGGRESSIVE;
				CLANG_WARN_UNREACHABLE_CODE = YES;
				CLANG_WARN__DUPLICATE_METHOD_MATCH = YES;
				COPY_PHASE_STRIP = NO;
				DEAD_CODE_STRIPPING = YES;
				DEBUG_INFORMATION_FORMAT = dwarf;
				ENABLE_STRICT_OBJC_MSGSEND = YES;
				ENABLE_TESTABILITY = YES;
				ENABLE_USER_SCRIPT_SANDBOXING = YES;
				GCC_C_LANGUAGE_STANDARD = gnu17;
				GCC_DYNAMIC_NO_PIC = NO;
				GCC_NO_COMMON_BLOCKS = YES;
				GCC_OPTIMIZATION_LEVEL = 0;
				GCC_PREPROCESSOR_DEFINITIONS = (
					"DEBUG=1",
					"$(inherited)",
				);
				GCC_WARN_64_TO_32_BIT_CONVERSION = YES;
				GCC_WARN_ABOUT_RETURN_TYPE = YES_ERROR;
				GCC_WARN_UNDECLARED_SELECTOR = YES;
				GCC_WARN_UNINITIALIZED_AUTOS = YES_AGGRESSIVE;
				GCC_WARN_UNUSED_FUNCTION = YES;
				GCC_WARN_UNUSED_VARIABLE = YES;
				LOCALIZATION_PREFERS_STRING_CATALOGS = YES;
				MACOSX_DEPLOYMENT_TARGET = 15.5;
				MTL_ENABLE_DEBUG_INFO = INCLUDE_SOURCE;
				MTL_FAST_MATH = YES;
				ONLY_ACTIVE_ARCH = YES;
				SDKROOT = macosx;
				SWIFT_ACTIVE_COMPILATION_CONDITIONS = "DEBUG $(inherited)";
				SWIFT_OPTIMIZATION_LEVEL = "-Onone";
			};
			name = Debug;
		};
		ECC26BCE2EBEDD67002B7E3E /* Release */ = {
			isa = XCBuildConfiguration;
			buildSettings = {
				ALWAYS_SEARCH_USER_PATHS = NO;
				ASSETCATALOG_COMPILER_GENERATE_SWIFT_ASSET_SYMBOL_EXTENSIONS = YES;
				CLANG_ANALYZER_NONNULL = YES;
				CLANG_ANALYZER_NUMBER_OBJECT_CONVERSION = YES_AGGRESSIVE;
				CLANG_CXX_LANGUAGE_STANDARD = "gnu++20";
				CLANG_ENABLE_MODULES = YES;
				CLANG_ENABLE_OBJC_ARC = YES;
				CLANG_ENABLE_OBJC_WEAK = YES;
				CLANG_WARN_BLOCK_CAPTURE_AUTORELEASING = YES;
				CLANG_WARN_BOOL_CONVERSION = YES;
				CLANG_WARN_COMMA = YES;
				CLANG_WARN_CONSTANT_CONVERSION = YES;
				CLANG_WARN_DEPRECATED_OBJC_IMPLEMENTATIONS = YES;
				CLANG_WARN_DIRECT_OBJC_ISA_USAGE = YES_ERROR;
				CLANG_WARN_DOCUMENTATION_COMMENTS = YES;
				CLANG_WARN_EMPTY_BODY = YES;
				CLANG_WARN_ENUM_CONVERSION = YES;
				CLANG_WARN_INFINITE_RECURSION = YES;
				CLANG_WARN_INT_CONVERSION = YES;
				CLANG_WARN_NON_LITERAL_NULL_CONVERSION = YES;
				CLANG_WARN_OBJC_IMPLICIT_RETAIN_SELF = YES;
				CLANG_WARN_OBJC_LITERAL_CONVERSION = YES;
				CLANG_WARN_OBJC_ROOT_CLASS = YES_ERROR;
				CLANG_WARN_QUOTED_INCLUDE_IN_FRAMEWORK_HEADER = YES;
				CLANG_WARN_RANGE_LOOP_ANALYSIS = YES;
				CLANG_WARN_STRICT_PROTOTYPES = YES;
				CLANG_WARN_SUSPICIOUS_MOVE = YES;
				CLANG_WARN_UNGUARDED_AVAILABILITY = YES_AGGRESSIVE;
				CLANG_WARN_UNREACHABLE_CODE = YES;
				CLANG_WARN__DUPLICATE_METHOD_MATCH = YES;
				COPY_PHASE_STRIP = NO;
				DEAD_CODE_STRIPPING = YES;
				DEBUG_INFORMATION_FORMAT = "dwarf-with-dsym";
				ENABLE_NS_ASSERTIONS = NO;
				ENABLE_STRICT_OBJC_MSGSEND = YES;
				ENABLE_USER_SCRIPT_SANDBOXING = YES;
				GCC_C_LANGUAGE_STANDARD = gnu17;
				GCC_NO_COMMON_BLOCKS = YES;
				GCC_WARN_64_TO_32_BIT_CONVERSION = YES;
				GCC_WARN_ABOUT_RETURN_TYPE = YES_ERROR;
				GCC_WARN_UNDECLARED_SELECTOR = YES;
				GCC_WARN_UNINITIALIZED_AUTOS = YES_AGGRESSIVE;
				GCC_WARN_UNUSED_FUNCTION = YES;
				GCC_WARN_UNUSED_VARIABLE = YES;
				LOCALIZATION_PREFERS_STRING_CATALOGS = YES;
				MACOSX_DEPLOYMENT_TARGET = 15.5;
				MTL_ENABLE_DEBUG_INFO = NO;
				MTL_FAST_MATH = YES;
				SDKROOT = macosx;
				SWIFT_COMPILATION_MODE = wholemodule;
			};
			name = Release;
		};
		ECC26BD02EBEDD67002B7E3E /* Debug */ = {
			isa = XCBuildConfiguration;
			baseConfigurationReferenceAnchor = ECE3EC022F1B8DB200754684 /* Configs */;
			baseConfigurationReferenceRelativePath = Debug.xcconfig;
			buildSettings = {
				ASSETCATALOG_COMPILER_APPICON_NAME = AppIcon;
				ASSETCATALOG_COMPILER_GLOBAL_ACCENT_COLOR_NAME = AccentColor;
				CODE_SIGN_ENTITLEMENTS = PCL.Mac/PCL_Mac.entitlements;
				CODE_SIGN_STYLE = Automatic;
				COMBINE_HIDPI_IMAGES = YES;
				DEAD_CODE_STRIPPING = YES;
				ENABLE_PREVIEWS = YES;
				GENERATE_INFOPLIST_FILE = YES;
				INFOPLIST_FILE = PCL.Mac/Info.plist;
				INFOPLIST_KEY_CFBundleDisplayName = PCL.Mac;
				INFOPLIST_KEY_LSApplicationCategoryType = "public.app-category.utilities";
				INFOPLIST_KEY_NSHumanReadableCopyright = "";
				INFOPLIST_KEY_NSMicrophoneUsageDescription = "Minecraft 正在请求访问麦克风。";
				LD_RUNPATH_SEARCH_PATHS = (
					"$(inherited)",
					"@executable_path/../Frameworks",
				);
				MACOSX_DEPLOYMENT_TARGET = 12.0;
				PRODUCT_BUNDLE_IDENTIFIER = "org.ceciliastudio.PCL-Mac";
				PRODUCT_NAME = "$(TARGET_NAME)";
				REGISTER_APP_GROUPS = YES;
				SWIFT_EMIT_LOC_STRINGS = YES;
				SWIFT_VERSION = 5.0;
			};
			name = Debug;
		};
		ECC26BD12EBEDD67002B7E3E /* Release */ = {
			isa = XCBuildConfiguration;
			baseConfigurationReferenceAnchor = ECE3EC022F1B8DB200754684 /* Configs */;
			baseConfigurationReferenceRelativePath = Release.xcconfig;
			buildSettings = {
				ASSETCATALOG_COMPILER_APPICON_NAME = AppIcon;
				ASSETCATALOG_COMPILER_GLOBAL_ACCENT_COLOR_NAME = AccentColor;
				CODE_SIGN_ENTITLEMENTS = PCL.Mac/PCL_Mac.entitlements;
				CODE_SIGN_STYLE = Automatic;
				COMBINE_HIDPI_IMAGES = YES;
				DEAD_CODE_STRIPPING = YES;
				ENABLE_PREVIEWS = YES;
				GENERATE_INFOPLIST_FILE = YES;
				INFOPLIST_FILE = PCL.Mac/Info.plist;
				INFOPLIST_KEY_CFBundleDisplayName = PCL.Mac;
				INFOPLIST_KEY_LSApplicationCategoryType = "public.app-category.utilities";
				INFOPLIST_KEY_NSHumanReadableCopyright = "";
				INFOPLIST_KEY_NSMicrophoneUsageDescription = "Minecraft 正在请求访问麦克风。";
				LD_RUNPATH_SEARCH_PATHS = (
					"$(inherited)",
					"@executable_path/../Frameworks",
				);
				MACOSX_DEPLOYMENT_TARGET = 12.0;
				PRODUCT_BUNDLE_IDENTIFIER = "org.ceciliastudio.PCL-Mac";
				PRODUCT_NAME = "$(TARGET_NAME)";
				REGISTER_APP_GROUPS = YES;
				SWIFT_EMIT_LOC_STRINGS = YES;
				SWIFT_VERSION = 5.0;
			};
			name = Release;
		};
/* End XCBuildConfiguration section */

/* Begin XCConfigurationList section */
		EC71A3332EC034AA006E496F /* Build configuration list for PBXNativeTarget "PCL.Mac.Tests" */ = {
			isa = XCConfigurationList;
			buildConfigurations = (
				EC71A3342EC034AA006E496F /* Debug */,
				EC71A3352EC034AA006E496F /* Release */,
			);
			defaultConfigurationIsVisible = 0;
			defaultConfigurationName = Release;
		};
		EC996B472EBEE80F0094E524 /* Build configuration list for PBXNativeTarget "PCL.Mac.Core" */ = {
			isa = XCConfigurationList;
			buildConfigurations = (
				EC996B482EBEE80F0094E524 /* Debug */,
				EC996B492EBEE80F0094E524 /* Release */,
			);
			defaultConfigurationIsVisible = 0;
			defaultConfigurationName = Release;
		};
		ECC26BBE2EBEDD67002B7E3E /* Build configuration list for PBXProject "PCL.Mac" */ = {
			isa = XCConfigurationList;
			buildConfigurations = (
				ECC26BCD2EBEDD67002B7E3E /* Debug */,
				ECC26BCE2EBEDD67002B7E3E /* Release */,
			);
			defaultConfigurationIsVisible = 0;
			defaultConfigurationName = Release;
		};
		ECC26BCF2EBEDD67002B7E3E /* Build configuration list for PBXNativeTarget "PCL.Mac" */ = {
			isa = XCConfigurationList;
			buildConfigurations = (
				ECC26BD02EBEDD67002B7E3E /* Debug */,
				ECC26BD12EBEDD67002B7E3E /* Release */,
			);
			defaultConfigurationIsVisible = 0;
			defaultConfigurationName = Release;
		};
/* End XCConfigurationList section */

/* Begin XCRemoteSwiftPackageReference section */
		EC114A452ED05EF50027201F /* XCRemoteSwiftPackageReference "SwiftyJSON" */ = {
			isa = XCRemoteSwiftPackageReference;
			repositoryURL = "https://github.com/SwiftyJSON/SwiftyJSON";
			requirement = {
				kind = upToNextMajorVersion;
				minimumVersion = 5.0.2;
			};
		};
		ECA694202F52FB6E00F3DEDC /* XCRemoteSwiftPackageReference "SwiftScaffolding" */ = {
			isa = XCRemoteSwiftPackageReference;
			repositoryURL = "https://github.com/CylorineStudio/SwiftScaffolding";
			requirement = {
				kind = upToNextMajorVersion;
				minimumVersion = 0.2.0;
			};
		};
		ECE995B12ED6BE2E00E86582 /* XCRemoteSwiftPackageReference "ZIPFoundation" */ = {
			isa = XCRemoteSwiftPackageReference;
			repositoryURL = "https://github.com/weichsel/ZIPFoundation";
			requirement = {
				kind = upToNextMajorVersion;
				minimumVersion = 0.9.20;
			};
		};
/* End XCRemoteSwiftPackageReference section */

/* Begin XCSwiftPackageProductDependency section */
		EC114A472ED05F020027201F /* SwiftyJSON */ = {
			isa = XCSwiftPackageProductDependency;
			package = EC114A452ED05EF50027201F /* XCRemoteSwiftPackageReference "SwiftyJSON" */;
			productName = SwiftyJSON;
		};
		EC114A492ED05F070027201F /* SwiftyJSON */ = {
			isa = XCSwiftPackageProductDependency;
			package = EC114A452ED05EF50027201F /* XCRemoteSwiftPackageReference "SwiftyJSON" */;
			productName = SwiftyJSON;
		};
		EC114A4B2ED05F0B0027201F /* SwiftyJSON */ = {
			isa = XCSwiftPackageProductDependency;
			package = EC114A452ED05EF50027201F /* XCRemoteSwiftPackageReference "SwiftyJSON" */;
			productName = SwiftyJSON;
		};
		EC17F3922F52B09D0010B075 /* SwiftScaffolding */ = {
			isa = XCSwiftPackageProductDependency;
			productName = SwiftScaffolding;
		};
		EC971F4A2F2CB23E006CFFF0 /* SwiftScaffolding */ = {
			isa = XCSwiftPackageProductDependency;
			productName = SwiftScaffolding;
		};
		ECA694212F52FB6E00F3DEDC /* SwiftScaffolding */ = {
			isa = XCSwiftPackageProductDependency;
			package = ECA694202F52FB6E00F3DEDC /* XCRemoteSwiftPackageReference "SwiftScaffolding" */;
			productName = SwiftScaffolding;
		};
		ECE995B22ED6BE2E00E86582 /* ZIPFoundation */ = {
			isa = XCSwiftPackageProductDependency;
			package = ECE995B12ED6BE2E00E86582 /* XCRemoteSwiftPackageReference "ZIPFoundation" */;
			productName = ZIPFoundation;
		};
/* End XCSwiftPackageProductDependency section */
	};
	rootObject = ECC26BBB2EBEDD67002B7E3E /* Project object */;
}
